
Microsoft Visual Studio Solution File, Format Version 12.00
# Visual Studio Version 16
VisualStudioVersion = 16.0.810.18
MinimumVisualStudioVersion = 10.0.40219.1
Project("{FAE04EC0-301F-11D3-BF4B-00C04F79EFBC}") = "basic-maths", "basic-maths\basic-maths.csproj", "{FA33FCC7-E45A-4A12-A183-426B0EF24B85}"
EndProject
Project("{FAE04EC0-301F-11D3-BF4B-00C04F79EFBC}") = "basic-maths-unit-test", "..\basic-maths-unit-test\basic-maths-unit-test.csproj", "{6EF845E9-A7B6-4DC0-B884-45F98813ACA0}"
EndProject
Global
	GlobalSection(SolutionConfigurationPlatforms) = preSolution
		Debug|Any CPU = Debug|Any CPU
		Release|Any CPU = Release|Any CPU
	EndGlobalSection
	GlobalSection(ProjectConfigurationPlatforms) = postSolution
		{FA33FCC7-E45A-4A12-A183-426B0EF24B85}.Debug|Any CPU.ActiveCfg = Debug|Any CPU
		{FA33FCC7-E45A-4A12-A183-426B0EF24B85}.Debug|Any CPU.Build.0 = Debug|Any CPU
		{FA33FCC7-E45A-4A12-A183-426B0EF24B85}.Release|Any CPU.ActiveCfg = Release|Any CPU
		{FA33FCC7-E45A-4A12-A183-426B0EF24B85}.Release|Any CPU.Build.0 = Release|Any CPU
		{6EF845E9-A7B6-4DC0-B884-45F98813ACA0}.Debug|Any CPU.ActiveCfg = Debug|Any CPU
		{6EF845E9-A7B6-4DC0-B884-45F98813ACA0}.Debug|Any CPU.Build.0 = Debug|Any CPU
		{6EF845E9-A7B6-4DC0-B884-45F98813ACA0}.Release|Any CPU.ActiveCfg = Release|Any CPU
		{6EF845E9-A7B6-4DC0-B884-45F98813ACA0}.Release|Any CPU.Build.0 = Release|Any CPU
	EndGlobalSection
	GlobalSection(SolutionProperties) = preSolution
		HideSolutionNode = FALSE
	EndGlobalSection
	GlobalSection(ExtensibilityGlobals) = postSolution
		SolutionGuid = {2F8C2949-5E88-4ED2-A6B5-945B70BFB8AF}
	EndGlobalSection
EndGlobal
